
Microsoft Visual Studio Solution File, Format Version 12.00
# Visual Studio Version 17
VisualStudioVersion = 17.8.34322.80
MinimumVisualStudioVersion = 10.0.40219.1
Project("{9A19103F-16F7-4668-BE54-9A1E7A4F7556}") = "Programozas1OraiMunka", "Programozas1OraiMunka\Programozas1OraiMunka.csproj", "{E5902A4C-FBF3-4318-9C0C-2647341A88EE}"
EndProject
Project("{9A19103F-16F7-4668-BE54-9A1E7A4F7556}") = "DataStructures.List", "DataStructures.List\DataStructures.List.csproj", "{C400D47B-5D99-4920-B362-347B910E9D3A}"
EndProject
Project("{9A19103F-16F7-4668-BE54-9A1E7A4F7556}") = "Gyakorlas", "Gyakorlas\Gyakorlas.csproj", "{A5290FA8-5A95-4B9D-A6DF-FE574649E1AD}"
EndProject
Project("{9A19103F-16F7-4668-BE54-9A1E7A4F7556}") = "Programozas1OraiMunka2.Dictionary", "Programozas1OraiMunka2\Programozas1OraiMunka2.Dictionary.csproj", "{03259578-C34F-41D7-9D3F-30545C17F101}"
EndProject
Project("{FAE04EC0-301F-11D3-BF4B-00C04F79EFBC}") = "Programazos1VizsgaGyak", "Programazos1VizsgaGyak\Programazos1VizsgaGyak.csproj", "{890AED7C-A862-46B5-B25E-373F5F503BBF}"
EndProject
Global
	GlobalSection(SolutionConfigurationPlatforms) = preSolution
		Debug|Any CPU = Debug|Any CPU
		Release|Any CPU = Release|Any CPU
	EndGlobalSection
	GlobalSection(ProjectConfigurationPlatforms) = postSolution
		{E5902A4C-FBF3-4318-9C0C-2647341A88EE}.Debug|Any CPU.ActiveCfg = Debug|Any CPU
		{E5902A4C-FBF3-4318-9C0C-2647341A88EE}.Debug|Any CPU.Build.0 = Debug|Any CPU
		{E5902A4C-FBF3-4318-9C0C-2647341A88EE}.Release|Any CPU.ActiveCfg = Release|Any CPU
		{E5902A4C-FBF3-4318-9C0C-2647341A88EE}.Release|Any CPU.Build.0 = Release|Any CPU
		{C400D47B-5D99-4920-B362-347B910E9D3A}.Debug|Any CPU.ActiveCfg = Debug|Any CPU
		{C400D47B-5D99-4920-B362-347B910E9D3A}.Debug|Any CPU.Build.0 = Debug|Any CPU
		{C400D47B-5D99-4920-B362-347B910E9D3A}.Release|Any CPU.ActiveCfg = Release|Any CPU
		{C400D47B-5D99-4920-B362-347B910E9D3A}.Release|Any CPU.Build.0 = Release|Any CPU
		{A5290FA8-5A95-4B9D-A6DF-FE574649E1AD}.Debug|Any CPU.ActiveCfg = Debug|Any CPU
		{A5290FA8-5A95-4B9D-A6DF-FE574649E1AD}.Debug|Any CPU.Build.0 = Debug|Any CPU
		{A5290FA8-5A95-4B9D-A6DF-FE574649E1AD}.Release|Any CPU.ActiveCfg = Release|Any CPU
		{A5290FA8-5A95-4B9D-A6DF-FE574649E1AD}.Release|Any CPU.Build.0 = Release|Any CPU
		{03259578-C34F-41D7-9D3F-30545C17F101}.Debug|Any CPU.ActiveCfg = Debug|Any CPU
		{03259578-C34F-41D7-9D3F-30545C17F101}.Debug|Any CPU.Build.0 = Debug|Any CPU
		{03259578-C34F-41D7-9D3F-30545C17F101}.Release|Any CPU.ActiveCfg = Release|Any CPU
		{03259578-C34F-41D7-9D3F-30545C17F101}.Release|Any CPU.Build.0 = Release|Any CPU
		{890AED7C-A862-46B5-B25E-373F5F503BBF}.Debug|Any CPU.ActiveCfg = Debug|Any CPU
		{890AED7C-A862-46B5-B25E-373F5F503BBF}.Debug|Any CPU.Build.0 = Debug|Any CPU
		{890AED7C-A862-46B5-B25E-373F5F503BBF}.Release|Any CPU.ActiveCfg = Release|Any CPU
		{890AED7C-A862-46B5-B25E-373F5F503BBF}.Release|Any CPU.Build.0 = Release|Any CPU
	EndGlobalSection
	GlobalSection(SolutionProperties) = preSolution
		HideSolutionNode = FALSE
	EndGlobalSection
	GlobalSection(ExtensibilityGlobals) = postSolution
		SolutionGuid = {E9DA1A5D-D2D3-42EC-8952-D809FC5D4753}
	EndGlobalSection
EndGlobal
